
Microsoft Visual Studio Solution File, Format Version 12.00
# Visual Studio 15
Project("{FAE04EC0-301F-11D3-BF4B-00C04F79EFBC}") = "Loterias.API", "Loterias.API\Loterias.API.csproj", "{FDB8AA14-AD34-4EEB-838E-A349E8626D00}"
EndProject
Project("{2150E333-8FDC-42A3-9474-1A3956D46DE8}") = "1 - APP", "1 - APP", "{EF1E1534-2C18-4CC5-BEEC-D91C0CDBC108}"
EndProject
Project("{2150E333-8FDC-42A3-9474-1A3956D46DE8}") = "3 - Models", "3 - Models", "{AA6CDD7C-D21E-4F03-959A-AC3AB36E614A}"
EndProject
Project("{2150E333-8FDC-42A3-9474-1A3956D46DE8}") = "4 - DB", "4 - DB", "{1D08A6A2-DF7A-4C7D-9AC8-0BC34EF89A31}"
EndProject
Project("{2150E333-8FDC-42A3-9474-1A3956D46DE8}") = "5 - Tests", "5 - Tests", "{A929079B-45C7-4807-B8F9-08BD5ADBB700}"
EndProject
Project("{FAE04EC0-301F-11D3-BF4B-00C04F79EFBC}") = "Loterias.Models", "Loterias.Models\Loterias.Models.csproj", "{14CB8397-813A-4BE5-90F5-92241943CA79}"
EndProject
Project("{FAE04EC0-301F-11D3-BF4B-00C04F79EFBC}") = "Loterias.Tests", "Loterias.Tests\Loterias.Tests.csproj", "{1D3B8428-98BA-4D24-8887-6490AD2969C1}"
EndProject
Project("{FAE04EC0-301F-11D3-BF4B-00C04F79EFBC}") = "Loterias.Repositories", "Loterias.Repositories\Loterias.Repositories.csproj", "{C795CA0B-90C4-4E90-9B48-5FB225353E07}"
EndProject
Project("{2150E333-8FDC-42A3-9474-1A3956D46DE8}") = "6 - Common", "6 - Common", "{B8864035-4C27-412A-87CB-6A209A35A939}"
EndProject
Project("{FAE04EC0-301F-11D3-BF4B-00C04F79EFBC}") = "Loterias.Common", "Loterias.Common\Loterias.Common.csproj", "{B60947C0-A173-4E10-8575-C3F96BDDB67C}"
EndProject
Project("{2150E333-8FDC-42A3-9474-1A3956D46DE8}") = "2 - Contract", "2 - Contract", "{ED5D261F-2F66-41BA-AC88-D59C13358F16}"
EndProject
Project("{2150E333-8FDC-42A3-9474-1A3956D46DE8}") = "2.1 - Business", "2.1 - Business", "{C9541C0C-70B7-4449-A276-6F1C0BBFB228}"
EndProject
Project("{FAE04EC0-301F-11D3-BF4B-00C04F79EFBC}") = "Loterias.Contract", "Loterias.Contract\Loterias.Contract.csproj", "{849E4F7A-5ADC-457A-B9DC-047E9525356E}"
EndProject
Project("{FAE04EC0-301F-11D3-BF4B-00C04F79EFBC}") = "Loterias.Business", "Loterias.Business\Loterias.Business.csproj", "{95F436D5-0CFF-477C-B509-AACCF8FB992F}"
EndProject
Global
	GlobalSection(SolutionConfigurationPlatforms) = preSolution
		Debug|Any CPU = Debug|Any CPU
		Release|Any CPU = Release|Any CPU
	EndGlobalSection
	GlobalSection(ProjectConfigurationPlatforms) = postSolution
		{FDB8AA14-AD34-4EEB-838E-A349E8626D00}.Debug|Any CPU.ActiveCfg = Debug|Any CPU
		{FDB8AA14-AD34-4EEB-838E-A349E8626D00}.Debug|Any CPU.Build.0 = Debug|Any CPU
		{FDB8AA14-AD34-4EEB-838E-A349E8626D00}.Release|Any CPU.ActiveCfg = Release|Any CPU
		{FDB8AA14-AD34-4EEB-838E-A349E8626D00}.Release|Any CPU.Build.0 = Release|Any CPU
		{14CB8397-813A-4BE5-90F5-92241943CA79}.Debug|Any CPU.ActiveCfg = Debug|Any CPU
		{14CB8397-813A-4BE5-90F5-92241943CA79}.Debug|Any CPU.Build.0 = Debug|Any CPU
		{14CB8397-813A-4BE5-90F5-92241943CA79}.Release|Any CPU.ActiveCfg = Release|Any CPU
		{14CB8397-813A-4BE5-90F5-92241943CA79}.Release|Any CPU.Build.0 = Release|Any CPU
		{1D3B8428-98BA-4D24-8887-6490AD2969C1}.Debug|Any CPU.ActiveCfg = Debug|Any CPU
		{1D3B8428-98BA-4D24-8887-6490AD2969C1}.Debug|Any CPU.Build.0 = Debug|Any CPU
		{1D3B8428-98BA-4D24-8887-6490AD2969C1}.Release|Any CPU.ActiveCfg = Release|Any CPU
		{1D3B8428-98BA-4D24-8887-6490AD2969C1}.Release|Any CPU.Build.0 = Release|Any CPU
		{C795CA0B-90C4-4E90-9B48-5FB225353E07}.Debug|Any CPU.ActiveCfg = Debug|Any CPU
		{C795CA0B-90C4-4E90-9B48-5FB225353E07}.Debug|Any CPU.Build.0 = Debug|Any CPU
		{C795CA0B-90C4-4E90-9B48-5FB225353E07}.Release|Any CPU.ActiveCfg = Release|Any CPU
		{C795CA0B-90C4-4E90-9B48-5FB225353E07}.Release|Any CPU.Build.0 = Release|Any CPU
		{B60947C0-A173-4E10-8575-C3F96BDDB67C}.Debug|Any CPU.ActiveCfg = Debug|Any CPU
		{B60947C0-A173-4E10-8575-C3F96BDDB67C}.Debug|Any CPU.Build.0 = Debug|Any CPU
		{B60947C0-A173-4E10-8575-C3F96BDDB67C}.Release|Any CPU.ActiveCfg = Release|Any CPU
		{B60947C0-A173-4E10-8575-C3F96BDDB67C}.Release|Any CPU.Build.0 = Release|Any CPU
		{849E4F7A-5ADC-457A-B9DC-047E9525356E}.Debug|Any CPU.ActiveCfg = Debug|Any CPU
		{849E4F7A-5ADC-457A-B9DC-047E9525356E}.Debug|Any CPU.Build.0 = Debug|Any CPU
		{849E4F7A-5ADC-457A-B9DC-047E9525356E}.Release|Any CPU.ActiveCfg = Release|Any CPU
		{849E4F7A-5ADC-457A-B9DC-047E9525356E}.Release|Any CPU.Build.0 = Release|Any CPU
		{95F436D5-0CFF-477C-B509-AACCF8FB992F}.Debug|Any CPU.ActiveCfg = Debug|Any CPU
		{95F436D5-0CFF-477C-B509-AACCF8FB992F}.Debug|Any CPU.Build.0 = Debug|Any CPU
		{95F436D5-0CFF-477C-B509-AACCF8FB992F}.Release|Any CPU.ActiveCfg = Release|Any CPU
		{95F436D5-0CFF-477C-B509-AACCF8FB992F}.Release|Any CPU.Build.0 = Release|Any CPU
	EndGlobalSection
	GlobalSection(NestedProjects) = preSolution
		{FDB8AA14-AD34-4EEB-838E-A349E8626D00} = {EF1E1534-2C18-4CC5-BEEC-D91C0CDBC108}
		{14CB8397-813A-4BE5-90F5-92241943CA79} = {AA6CDD7C-D21E-4F03-959A-AC3AB36E614A}
		{1D3B8428-98BA-4D24-8887-6490AD2969C1} = {A929079B-45C7-4807-B8F9-08BD5ADBB700}
		{C795CA0B-90C4-4E90-9B48-5FB225353E07} = {1D08A6A2-DF7A-4C7D-9AC8-0BC34EF89A31}
		{B60947C0-A173-4E10-8575-C3F96BDDB67C} = {B8864035-4C27-412A-87CB-6A209A35A939}
		{849E4F7A-5ADC-457A-B9DC-047E9525356E} = {ED5D261F-2F66-41BA-AC88-D59C13358F16}
		{95F436D5-0CFF-477C-B509-AACCF8FB992F} = {C9541C0C-70B7-4449-A276-6F1C0BBFB228}
	EndGlobalSection
EndGlobal
